
Microsoft Visual Studio Solution File, Format Version 12.00
# Visual Studio Version 17
VisualStudioVersion = 17.0.31903.59
MinimumVisualStudioVersion = 10.0.40219.1
Project("{FAE04EC0-301F-11D3-BF4B-00C04F79EFBC}") = "quiz", "quiz\quiz.csproj", "{2D9CDFC1-1E18-4A3F-91D7-3ED2774BB11E}"
EndProject
Global
	GlobalSection(SolutionConfigurationPlatforms) = preSolution
		Debug|Any CPU = Debug|Any CPU
		Release|Any CPU = Release|Any CPU
	EndGlobalSection
	GlobalSection(SolutionProperties) = preSolution
		HideSolutionNode = FALSE
	EndGlobalSection
	GlobalSection(ProjectConfigurationPlatforms) = postSolution
		{2D9CDFC1-1E18-4A3F-91D7-3ED2774BB11E}.Debug|Any CPU.ActiveCfg = Debug|Any CPU
		{2D9CDFC1-1E18-4A3F-91D7-3ED2774BB11E}.Debug|Any CPU.Build.0 = Debug|Any CPU
		{2D9CDFC1-1E18-4A3F-91D7-3ED2774BB11E}.Release|Any CPU.ActiveCfg = Release|Any CPU
		{2D9CDFC1-1E18-4A3F-91D7-3ED2774BB11E}.Release|Any CPU.Build.0 = Release|Any CPU
	EndGlobalSection
EndGlobal
